
Microsoft Visual Studio Solution File, Format Version 12.00
# Visual Studio Version 17
VisualStudioVersion = 17.8.34525.116
MinimumVisualStudioVersion = 10.0.40219.1
Project("{FAE04EC0-301F-11D3-BF4B-00C04F79EFBC}") = "ClothesStore", "ClothesStore.csproj", "{8D9FAF1D-BEDD-438C-9D94-C353859368FD}"
EndProject
Global
	GlobalSection(SolutionConfigurationPlatforms) = preSolution
		Debug|Any CPU = Debug|Any CPU
		Release|Any CPU = Release|Any CPU
	EndGlobalSection
	GlobalSection(ProjectConfigurationPlatforms) = postSolution
		{8D9FAF1D-BEDD-438C-9D94-C353859368FD}.Debug|Any CPU.ActiveCfg = Debug|Any CPU
		{8D9FAF1D-BEDD-438C-9D94-C353859368FD}.Debug|Any CPU.Build.0 = Debug|Any CPU
		{8D9FAF1D-BEDD-438C-9D94-C353859368FD}.Release|Any CPU.ActiveCfg = Release|Any CPU
		{8D9FAF1D-BEDD-438C-9D94-C353859368FD}.Release|Any CPU.Build.0 = Release|Any CPU
	EndGlobalSection
	GlobalSection(SolutionProperties) = preSolution
		HideSolutionNode = FALSE
	EndGlobalSection
	GlobalSection(ExtensibilityGlobals) = postSolution
		SolutionGuid = {055C821C-4654-47A3-BD9B-435C431EE8E2}
	EndGlobalSection
EndGlobal
